
Microsoft Visual Studio Solution File, Format Version 12.00
# Visual Studio Version 17
VisualStudioVersion = 17.6.33723.286
MinimumVisualStudioVersion = 10.0.40219.1
Project("{FAE04EC0-301F-11D3-BF4B-00C04F79EFBC}") = "DeployTest", "DeployTest\DeployTest.csproj", "{5740DA8A-630A-4E81-B5A2-72D07E595A07}"
EndProject
Project("{E53339B2-1760-4266-BCC7-CA923CBCF16C}") = "docker-compose", "docker-compose.dcproj", "{BBEBBD50-D799-4CBF-9629-F37044FF9F9F}"
EndProject
Global
	GlobalSection(SolutionConfigurationPlatforms) = preSolution
		Debug|Any CPU = Debug|Any CPU
		Release|Any CPU = Release|Any CPU
	EndGlobalSection
	GlobalSection(ProjectConfigurationPlatforms) = postSolution
		{5740DA8A-630A-4E81-B5A2-72D07E595A07}.Debug|Any CPU.ActiveCfg = Debug|Any CPU
		{5740DA8A-630A-4E81-B5A2-72D07E595A07}.Debug|Any CPU.Build.0 = Debug|Any CPU
		{5740DA8A-630A-4E81-B5A2-72D07E595A07}.Release|Any CPU.ActiveCfg = Release|Any CPU
		{5740DA8A-630A-4E81-B5A2-72D07E595A07}.Release|Any CPU.Build.0 = Release|Any CPU
		{BBEBBD50-D799-4CBF-9629-F37044FF9F9F}.Debug|Any CPU.ActiveCfg = Debug|Any CPU
		{BBEBBD50-D799-4CBF-9629-F37044FF9F9F}.Debug|Any CPU.Build.0 = Debug|Any CPU
		{BBEBBD50-D799-4CBF-9629-F37044FF9F9F}.Release|Any CPU.ActiveCfg = Release|Any CPU
		{BBEBBD50-D799-4CBF-9629-F37044FF9F9F}.Release|Any CPU.Build.0 = Release|Any CPU
	EndGlobalSection
	GlobalSection(SolutionProperties) = preSolution
		HideSolutionNode = FALSE
	EndGlobalSection
	GlobalSection(ExtensibilityGlobals) = postSolution
		SolutionGuid = {8FC0B321-DD07-489F-AEF9-2D5272E586E7}
	EndGlobalSection
EndGlobal
